// !$*UTF8*$!
{
	archiveVersion = 1;
	classes = {
	};
	objectVersion = 46;
	objects = {

/* Begin PBXBuildFile section */
		220BF50B1E8AB94500C527EB /* Now-PlayingViewController.swift in Sources */ = {isa = PBXBuildFile; fileRef = 220BF50A1E8AB94500C527EB /* Now-PlayingViewController.swift */; };
		224B98DF1E8E844D00BDD41B /* RadioPlayer.swift in Sources */ = {isa = PBXBuildFile; fileRef = 224B98DE1E8E844D00BDD41B /* RadioPlayer.swift */; };
		224B98E21E8E847800BDD41B /* AVFoundation.framework in Frameworks */ = {isa = PBXBuildFile; fileRef = 224B98E11E8E847800BDD41B /* AVFoundation.framework */; };
		224B98E41E8E8D3E00BDD41B /* backgroundsized.png in Resources */ = {isa = PBXBuildFile; fileRef = 224B98E31E8E8D3E00BDD41B /* backgroundsized.png */; };
		224B98E61E8E90D900BDD41B /* BlogViewController.swift in Sources */ = {isa = PBXBuildFile; fileRef = 224B98E51E8E90D900BDD41B /* BlogViewController.swift */; };
		224B98E81E8E9D9000BDD41B /* MediaPlayer.framework in Frameworks */ = {isa = PBXBuildFile; fileRef = 224B98E71E8E9D9000BDD41B /* MediaPlayer.framework */; };
		226471951E8932D3009C9325 /* AppDelegate.swift in Sources */ = {isa = PBXBuildFile; fileRef = 226471941E8932D3009C9325 /* AppDelegate.swift */; };
		2264719A1E8932D3009C9325 /* Main.storyboard in Resources */ = {isa = PBXBuildFile; fileRef = 226471981E8932D3009C9325 /* Main.storyboard */; };
		2264719C1E8932D3009C9325 /* Assets.xcassets in Resources */ = {isa = PBXBuildFile; fileRef = 2264719B1E8932D3009C9325 /* Assets.xcassets */; };
		2264719F1E8932D3009C9325 /* LaunchScreen.storyboard in Resources */ = {isa = PBXBuildFile; fileRef = 2264719D1E8932D3009C9325 /* LaunchScreen.storyboard */; };
		226471AA1E893D2F009C9325 /* logo---img.png in Resources */ = {isa = PBXBuildFile; fileRef = 226471A61E893D2F009C9325 /* logo---img.png */; };
		226471AB1E893D2F009C9325 /* pause---img.png in Resources */ = {isa = PBXBuildFile; fileRef = 226471A71E893D2F009C9325 /* pause---img.png */; };
		226471AC1E893D2F009C9325 /* play---img.png in Resources */ = {isa = PBXBuildFile; fileRef = 226471A81E893D2F009C9325 /* play---img.png */; };
		226471AD1E893D2F009C9325 /* background---img.png in Resources */ = {isa = PBXBuildFile; fileRef = 226471A91E893D2F009C9325 /* background---img.png */; };
/* End PBXBuildFile section */

/* Begin PBXFileReference section */
		220BF50A1E8AB94500C527EB /* Now-PlayingViewController.swift */ = {isa = PBXFileReference; fileEncoding = 4; lastKnownFileType = sourcecode.swift; path = "Now-PlayingViewController.swift"; sourceTree = "<group>"; };
		224B98DE1E8E844D00BDD41B /* RadioPlayer.swift */ = {isa = PBXFileReference; fileEncoding = 4; lastKnownFileType = sourcecode.swift; path = RadioPlayer.swift; sourceTree = "<group>"; };
		224B98E11E8E847800BDD41B /* AVFoundation.framework */ = {isa = PBXFileReference; lastKnownFileType = wrapper.framework; name = AVFoundation.framework; path = System/Library/Frameworks/AVFoundation.framework; sourceTree = SDKROOT; };
		224B98E31E8E8D3E00BDD41B /* backgroundsized.png */ = {isa = PBXFileReference; lastKnownFileType = image.png; name = backgroundsized.png; path = "../../../Clients/Ground up Radio/backgroundsized.png"; sourceTree = "<group>"; };
		224B98E51E8E90D900BDD41B /* BlogViewController.swift */ = {isa = PBXFileReference; fileEncoding = 4; lastKnownFileType = sourcecode.swift; path = BlogViewController.swift; sourceTree = "<group>"; };
		224B98E71E8E9D9000BDD41B /* MediaPlayer.framework */ = {isa = PBXFileReference; lastKnownFileType = wrapper.framework; name = MediaPlayer.framework; path = System/Library/Frameworks/MediaPlayer.framework; sourceTree = SDKROOT; };
		226471911E8932D3009C9325 /* Ground Up Radio.app */ = {isa = PBXFileReference; explicitFileType = wrapper.application; includeInIndex = 0; path = "Ground Up Radio.app"; sourceTree = BUILT_PRODUCTS_DIR; };
		226471941E8932D3009C9325 /* AppDelegate.swift */ = {isa = PBXFileReference; lastKnownFileType = sourcecode.swift; path = AppDelegate.swift; sourceTree = "<group>"; };
		226471991E8932D3009C9325 /* Base */ = {isa = PBXFileReference; lastKnownFileType = file.storyboard; name = Base; path = Base.lproj/Main.storyboard; sourceTree = "<group>"; };
		2264719B1E8932D3009C9325 /* Assets.xcassets */ = {isa = PBXFileReference; lastKnownFileType = folder.assetcatalog; path = Assets.xcassets; sourceTree = "<group>"; };
		2264719E1E8932D3009C9325 /* Base */ = {isa = PBXFileReference; lastKnownFileType = file.storyboard; name = Base; path = Base.lproj/LaunchScreen.storyboard; sourceTree = "<group>"; };
		226471A01E8932D3009C9325 /* Info.plist */ = {isa = PBXFileReference; lastKnownFileType = text.plist.xml; path = Info.plist; sourceTree = "<group>"; };
		226471A61E893D2F009C9325 /* logo---img.png */ = {isa = PBXFileReference; lastKnownFileType = image.png; path = "logo---img.png"; sourceTree = "<group>"; };
		226471A71E893D2F009C9325 /* pause---img.png */ = {isa = PBXFileReference; lastKnownFileType = image.png; path = "pause---img.png"; sourceTree = "<group>"; };
		226471A81E893D2F009C9325 /* play---img.png */ = {isa = PBXFileReference; lastKnownFileType = image.png; path = "play---img.png"; sourceTree = "<group>"; };
		226471A91E893D2F009C9325 /* background---img.png */ = {isa = PBXFileReference; lastKnownFileType = image.png; path = "background---img.png"; sourceTree = "<group>"; };
/* End PBXFileReference section */

/* Begin PBXFrameworksBuildPhase section */
		2264718E1E8932D3009C9325 /* Frameworks */ = {
			isa = PBXFrameworksBuildPhase;
			buildActionMask = 2147483647;
			files = (
				224B98E81E8E9D9000BDD41B /* MediaPlayer.framework in Frameworks */,
				224B98E21E8E847800BDD41B /* AVFoundation.framework in Frameworks */,
			);
			runOnlyForDeploymentPostprocessing = 0;
		};
/* End PBXFrameworksBuildPhase section */

/* Begin PBXGroup section */
		224B98E01E8E847700BDD41B /* Frameworks */ = {
			isa = PBXGroup;
			children = (
				224B98E71E8E9D9000BDD41B /* MediaPlayer.framework */,
				224B98E11E8E847800BDD41B /* AVFoundation.framework */,
			);
			name = Frameworks;
			sourceTree = "<group>";
		};
		226471881E8932D2009C9325 = {
			isa = PBXGroup;
			children = (
				226471931E8932D3009C9325 /* Ground Up Radio */,
				226471921E8932D3009C9325 /* Products */,
				224B98E01E8E847700BDD41B /* Frameworks */,
			);
			sourceTree = "<group>";
		};
		226471921E8932D3009C9325 /* Products */ = {
			isa = PBXGroup;
			children = (
				226471911E8932D3009C9325 /* Ground Up Radio.app */,
			);
			name = Products;
			sourceTree = "<group>";
		};
		226471931E8932D3009C9325 /* Ground Up Radio */ = {
			isa = PBXGroup;
			children = (
				226471B41E89444E009C9325 /* Networking */,
				226471B31E894441009C9325 /* Support */,
				226471B21E89443A009C9325 /* Objects */,
				226471B11E894433009C9325 /* Views */,
				226471B01E89442B009C9325 /* Images */,
				226471941E8932D3009C9325 /* AppDelegate.swift */,
				226471981E8932D3009C9325 /* Main.storyboard */,
				2264719B1E8932D3009C9325 /* Assets.xcassets */,
				2264719D1E8932D3009C9325 /* LaunchScreen.storyboard */,
			);
			path = "Ground Up Radio";
			sourceTree = "<group>";
		};
		226471B01E89442B009C9325 /* Images */ = {
			isa = PBXGroup;
			children = (
				224B98E31E8E8D3E00BDD41B /* backgroundsized.png */,
				226471A61E893D2F009C9325 /* logo---img.png */,
				226471A71E893D2F009C9325 /* pause---img.png */,
				226471A81E893D2F009C9325 /* play---img.png */,
				226471A91E893D2F009C9325 /* background---img.png */,
			);
			name = Images;
			sourceTree = "<group>";
		};
		226471B11E894433009C9325 /* Views */ = {
			isa = PBXGroup;
			children = (
				220BF50A1E8AB94500C527EB /* Now-PlayingViewController.swift */,
				224B98E51E8E90D900BDD41B /* BlogViewController.swift */,
			);
			name = Views;
			sourceTree = "<group>";
		};
		226471B21E89443A009C9325 /* Objects */ = {
			isa = PBXGroup;
			children = (
				224B98DE1E8E844D00BDD41B /* RadioPlayer.swift */,
			);
			name = Objects;
			sourceTree = "<group>";
		};
		226471B31E894441009C9325 /* Support */ = {
			isa = PBXGroup;
			children = (
				226471A01E8932D3009C9325 /* Info.plist */,
			);
			name = Support;
			sourceTree = "<group>";
		};
		226471B41E89444E009C9325 /* Networking */ = {
			isa = PBXGroup;
			children = (
			);
			name = Networking;
			sourceTree = "<group>";
		};
/* End PBXGroup section */

/* Begin PBXNativeTarget section */
		226471901E8932D3009C9325 /* Ground Up Radio */ = {
			isa = PBXNativeTarget;
			buildConfigurationList = 226471A31E8932D3009C9325 /* Build configuration list for PBXNativeTarget "Ground Up Radio" */;
			buildPhases = (
				2264718D1E8932D3009C9325 /* Sources */,
				2264718E1E8932D3009C9325 /* Frameworks */,
				2264718F1E8932D3009C9325 /* Resources */,
			);
			buildRules = (
			);
			dependencies = (
			);
			name = "Ground Up Radio";
			productName = "Ground Up Radio";
			productReference = 226471911E8932D3009C9325 /* Ground Up Radio.app */;
			productType = "com.apple.product-type.application";
		};
/* End PBXNativeTarget section */

/* Begin PBXProject section */
		226471891E8932D2009C9325 /* Project object */ = {
			isa = PBXProject;
			attributes = {
				LastSwiftUpdateCheck = 0820;
				LastUpgradeCheck = 0820;
				ORGANIZATIONNAME = "Avenir Design";
				TargetAttributes = {
					226471901E8932D3009C9325 = {
						CreatedOnToolsVersion = 8.2.1;
						DevelopmentTeam = F775FR35EH;
						ProvisioningStyle = Automatic;
					};
				};
			};
			buildConfigurationList = 2264718C1E8932D2009C9325 /* Build configuration list for PBXProject "Ground Up Radio" */;
			compatibilityVersion = "Xcode 3.2";
			developmentRegion = English;
			hasScannedForEncodings = 0;
			knownRegions = (
				en,
				Base,
			);
			mainGroup = 226471881E8932D2009C9325;
			productRefGroup = 226471921E8932D3009C9325 /* Products */;
			projectDirPath = "";
			projectRoot = "";
			targets = (
				226471901E8932D3009C9325 /* Ground Up Radio */,
			);
		};
/* End PBXProject section */

/* Begin PBXResourcesBuildPhase section */
		2264718F1E8932D3009C9325 /* Resources */ = {
			isa = PBXResourcesBuildPhase;
			buildActionMask = 2147483647;
			files = (
				2264719F1E8932D3009C9325 /* LaunchScreen.storyboard in Resources */,
				2264719C1E8932D3009C9325 /* Assets.xcassets in Resources */,
				226471AA1E893D2F009C9325 /* logo---img.png in Resources */,
				226471AC1E893D2F009C9325 /* play---img.png in Resources */,
				226471AD1E893D2F009C9325 /* background---img.png in Resources */,
				224B98E41E8E8D3E00BDD41B /* backgroundsized.png in Resources */,
				2264719A1E8932D3009C9325 /* Main.storyboard in Resources */,
				226471AB1E893D2F009C9325 /* pause---img.png in Resources */,
			);
			runOnlyForDeploymentPostprocessing = 0;
		};
/* End PBXResourcesBuildPhase section */

/* Begin PBXSourcesBuildPhase section */
		2264718D1E8932D3009C9325 /* Sources */ = {
			isa = PBXSourcesBuildPhase;
			buildActionMask = 2147483647;
			files = (
				224B98DF1E8E844D00BDD41B /* RadioPlayer.swift in Sources */,
				226471951E8932D3009C9325 /* AppDelegate.swift in Sources */,
				224B98E61E8E90D900BDD41B /* BlogViewController.swift in Sources */,
				220BF50B1E8AB94500C527EB /* Now-PlayingViewController.swift in Sources */,
			);
			runOnlyForDeploymentPostprocessing = 0;
		};
/* End PBXSourcesBuildPhase section */

/* Begin PBXVariantGroup section */
		226471981E8932D3009C9325 /* Main.storyboard */ = {
			isa = PBXVariantGroup;
			children = (
				226471991E8932D3009C9325 /* Base */,
			);
			name = Main.storyboard;
			sourceTree = "<group>";
		};
		2264719D1E8932D3009C9325 /* LaunchScreen.storyboard */ = {
			isa = PBXVariantGroup;
			children = (
				2264719E1E8932D3009C9325 /* Base */,
			);
			name = LaunchScreen.storyboard;
			sourceTree = "<group>";
		};
/* End PBXVariantGroup section */

/* Begin XCBuildConfiguration section */
		226471A11E8932D3009C9325 /* Debug */ = {
			isa = XCBuildConfiguration;
			buildSettings = {
				ALWAYS_SEARCH_USER_PATHS = NO;
				CLANG_ANALYZER_NONNULL = YES;
				CLANG_CXX_LANGUAGE_STANDARD = "gnu++0x";
				CLANG_CXX_LIBRARY = "libc++";
				CLANG_ENABLE_MODULES = YES;
				CLANG_ENABLE_OBJC_ARC = YES;
				CLANG_WARN_BOOL_CONVERSION = YES;
				CLANG_WARN_CONSTANT_CONVERSION = YES;
				CLANG_WARN_DIRECT_OBJC_ISA_USAGE = YES_ERROR;
				CLANG_WARN_DOCUMENTATION_COMMENTS = YES;
				CLANG_WARN_EMPTY_BODY = YES;
				CLANG_WARN_ENUM_CONVERSION = YES;
				CLANG_WARN_INFINITE_RECURSION = YES;
				CLANG_WARN_INT_CONVERSION = YES;
				CLANG_WARN_OBJC_ROOT_CLASS = YES_ERROR;
				CLANG_WARN_SUSPICIOUS_MOVE = YES;
				CLANG_WARN_UNREACHABLE_CODE = YES;
				CLANG_WARN__DUPLICATE_METHOD_MATCH = YES;
				"CODE_SIGN_IDENTITY[sdk=iphoneos*]" = "iPhone Developer";
				COPY_PHASE_STRIP = NO;
				DEBUG_INFORMATION_FORMAT = dwarf;
				ENABLE_STRICT_OBJC_MSGSEND = YES;
				ENABLE_TESTABILITY = YES;
				GCC_C_LANGUAGE_STANDARD = gnu99;
				GCC_DYNAMIC_NO_PIC = NO;
				GCC_NO_COMMON_BLOCKS = YES;
				GCC_OPTIMIZATION_LEVEL = 0;
				GCC_PREPROCESSOR_DEFINITIONS = (
					"DEBUG=1",
					"$(inherited)",
				);
				GCC_WARN_64_TO_32_BIT_CONVERSION = YES;
				GCC_WARN_ABOUT_RETURN_TYPE = YES_ERROR;
				GCC_WARN_UNDECLARED_SELECTOR = YES;
				GCC_WARN_UNINITIALIZED_AUTOS = YES_AGGRESSIVE;
				GCC_WARN_UNUSED_FUNCTION = YES;
				GCC_WARN_UNUSED_VARIABLE = YES;
				IPHONEOS_DEPLOYMENT_TARGET = 10.2;
				MTL_ENABLE_DEBUG_INFO = YES;
				ONLY_ACTIVE_ARCH = YES;
				SDKROOT = iphoneos;
				SWIFT_ACTIVE_COMPILATION_CONDITIONS = DEBUG;
				SWIFT_OPTIMIZATION_LEVEL = "-Onone";
			};
			name = Debug;
		};
		226471A21E8932D3009C9325 /* Release */ = {
			isa = XCBuildConfiguration;
			buildSettings = {
				ALWAYS_SEARCH_USER_PATHS = NO;
				CLANG_ANALYZER_NONNULL = YES;
				CLANG_CXX_LANGUAGE_STANDARD = "gnu++0x";
				CLANG_CXX_LIBRARY = "libc++";
				CLANG_ENABLE_MODULES = YES;
				CLANG_ENABLE_OBJC_ARC = YES;
				CLANG_WARN_BOOL_CONVERSION = YES;
				CLANG_WARN_CONSTANT_CONVERSION = YES;
				CLANG_WARN_DIRECT_OBJC_ISA_USAGE = YES_ERROR;
				CLANG_WARN_DOCUMENTATION_COMMENTS = YES;
				CLANG_WARN_EMPTY_BODY = YES;
				CLANG_WARN_ENUM_CONVERSION = YES;
				CLANG_WARN_INFINITE_RECURSION = YES;
				CLANG_WARN_INT_CONVERSION = YES;
				CLANG_WARN_OBJC_ROOT_CLASS = YES_ERROR;
				CLANG_WARN_SUSPICIOUS_MOVE = YES;
				CLANG_WARN_UNREACHABLE_CODE = YES;
				CLANG_WARN__DUPLICATE_METHOD_MATCH = YES;
				"CODE_SIGN_IDENTITY[sdk=iphoneos*]" = "iPhone Developer";
				COPY_PHASE_STRIP = NO;
				DEBUG_INFORMATION_FORMAT = "dwarf-with-dsym";
				ENABLE_NS_ASSERTIONS = NO;
				ENABLE_STRICT_OBJC_MSGSEND = YES;
				GCC_C_LANGUAGE_STANDARD = gnu99;
				GCC_NO_COMMON_BLOCKS = YES;
				GCC_WARN_64_TO_32_BIT_CONVERSION = YES;
				GCC_WARN_ABOUT_RETURN_TYPE = YES_ERROR;
				GCC_WARN_UNDECLARED_SELECTOR = YES;
				GCC_WARN_UNINITIALIZED_AUTOS = YES_AGGRESSIVE;
				GCC_WARN_UNUSED_FUNCTION = YES;
				GCC_WARN_UNUSED_VARIABLE = YES;
				IPHONEOS_DEPLOYMENT_TARGET = 10.2;
				MTL_ENABLE_DEBUG_INFO = NO;
				SDKROOT = iphoneos;
				SWIFT_OPTIMIZATION_LEVEL = "-Owholemodule";
				VALIDATE_PRODUCT = YES;
			};
			name = Release;
		};
		226471A41E8932D3009C9325 /* Debug */ = {
			isa = XCBuildConfiguration;
			buildSettings = {
				ASSETCATALOG_COMPILER_APPICON_NAME = AppIcon;
				DEVELOPMENT_TEAM = F775FR35EH;
				INFOPLIST_FILE = "Ground Up Radio/Info.plist";
				LD_RUNPATH_SEARCH_PATHS = "$(inherited) @executable_path/Frameworks";
				PRODUCT_BUNDLE_IDENTIFIER = "com.avenirdesign.Ground-Up-Radio";
				PRODUCT_NAME = "$(TARGET_NAME)";
				SWIFT_VERSION = 3.0;
			};
			name = Debug;
		};
		226471A51E8932D3009C9325 /* Release */ = {
			isa = XCBuildConfiguration;
			buildSettings = {
				ASSETCATALOG_COMPILER_APPICON_NAME = AppIcon;
				DEVELOPMENT_TEAM = F775FR35EH;
				INFOPLIST_FILE = "Ground Up Radio/Info.plist";
				LD_RUNPATH_SEARCH_PATHS = "$(inherited) @executable_path/Frameworks";
				PRODUCT_BUNDLE_IDENTIFIER = "com.avenirdesign.Ground-Up-Radio";
				PRODUCT_NAME = "$(TARGET_NAME)";
				SWIFT_VERSION = 3.0;
			};
			name = Release;
		};
/* End XCBuildConfiguration section */

/* Begin XCConfigurationList section */
		2264718C1E8932D2009C9325 /* Build configuration list for PBXProject "Ground Up Radio" */ = {
			isa = XCConfigurationList;
			buildConfigurations = (
				226471A11E8932D3009C9325 /* Debug */,
				226471A21E8932D3009C9325 /* Release */,
			);
			defaultConfigurationIsVisible = 0;
			defaultConfigurationName = Release;
		};
		226471A31E8932D3009C9325 /* Build configuration list for PBXNativeTarget "Ground Up Radio" */ = {
			isa = XCConfigurationList;
			buildConfigurations = (
				226471A41E8932D3009C9325 /* Debug */,
				226471A51E8932D3009C9325 /* Release */,
			);
			defaultConfigurationIsVisible = 0;
			defaultConfigurationName = Release;
		};
/* End XCConfigurationList section */
	};
	rootObject = 226471891E8932D2009C9325 /* Project object */;
}
